
Microsoft Visual Studio Solution File, Format Version 12.00
# Visual Studio Version 16
VisualStudioVersion = 25.0.1703.8
MinimumVisualStudioVersion = 10.0.40219.1
Project("{FAE04EC0-301F-11D3-BF4B-00C04F79EFBC}") = "Exec_RemoveCollectionItems", "Exec_RemoveCollectionItems\Exec_RemoveCollectionItems.csproj", "{3B13005A-CC27-4400-97F0-252DB5FAAD98}"
EndProject
Global
	GlobalSection(SolutionConfigurationPlatforms) = preSolution
		Debug|Any CPU = Debug|Any CPU
		Release|Any CPU = Release|Any CPU
	EndGlobalSection
	GlobalSection(ProjectConfigurationPlatforms) = postSolution
		{3B13005A-CC27-4400-97F0-252DB5FAAD98}.Debug|Any CPU.ActiveCfg = Debug|Any CPU
		{3B13005A-CC27-4400-97F0-252DB5FAAD98}.Debug|Any CPU.Build.0 = Debug|Any CPU
		{3B13005A-CC27-4400-97F0-252DB5FAAD98}.Release|Any CPU.ActiveCfg = Release|Any CPU
		{3B13005A-CC27-4400-97F0-252DB5FAAD98}.Release|Any CPU.Build.0 = Release|Any CPU
	EndGlobalSection
	GlobalSection(SolutionProperties) = preSolution
		HideSolutionNode = FALSE
	EndGlobalSection
	GlobalSection(ExtensibilityGlobals) = postSolution
		SolutionGuid = {B743AD53-65C6-4A3D-8A73-7909B8C75714}
	EndGlobalSection
EndGlobal
